
Microsoft Visual Studio Solution File, Format Version 10.00
# Visual Studio 2008
Project("{8BC9CEB8-8B4A-11D0-8D11-00A0C91BC942}") = "cvtest", "cvtest.vcproj", "{4FA4A50E-58FE-45C6-AFDA-46B980147468}"
EndProject
Global
	GlobalSection(SolutionConfigurationPlatforms) = preSolution
		Debug|Win32 = Debug|Win32
		Release|Win32 = Release|Win32
	EndGlobalSection
	GlobalSection(ProjectConfigurationPlatforms) = postSolution
		{4FA4A50E-58FE-45C6-AFDA-46B980147468}.Debug|Win32.ActiveCfg = Debug|Win32
		{4FA4A50E-58FE-45C6-AFDA-46B980147468}.Debug|Win32.Build.0 = Debug|Win32
		{4FA4A50E-58FE-45C6-AFDA-46B980147468}.Release|Win32.ActiveCfg = Release|Win32
		{4FA4A50E-58FE-45C6-AFDA-46B980147468}.Release|Win32.Build.0 = Release|Win32
	EndGlobalSection
	GlobalSection(SolutionProperties) = preSolution
		HideSolutionNode = FALSE
	EndGlobalSection
EndGlobal
